
Microsoft Visual Studio Solution File, Format Version 12.00
# Visual Studio Version 16
VisualStudioVersion = 16.0.32802.440
MinimumVisualStudioVersion = 10.0.40219.1
Project("{FAE04EC0-301F-11D3-BF4B-00C04F79EFBC}") = "Calificacion_Jose_Antonio_FPC", "Calificacion_Jose_Antonio_FPC.csproj", "{7E8ED2F0-68FA-4E42-9720-8C5AE56B88A8}"
EndProject
Global
	GlobalSection(SolutionConfigurationPlatforms) = preSolution
		Debug|Any CPU = Debug|Any CPU
		Release|Any CPU = Release|Any CPU
	EndGlobalSection
	GlobalSection(ProjectConfigurationPlatforms) = postSolution
		{7E8ED2F0-68FA-4E42-9720-8C5AE56B88A8}.Debug|Any CPU.ActiveCfg = Debug|Any CPU
		{7E8ED2F0-68FA-4E42-9720-8C5AE56B88A8}.Debug|Any CPU.Build.0 = Debug|Any CPU
		{7E8ED2F0-68FA-4E42-9720-8C5AE56B88A8}.Release|Any CPU.ActiveCfg = Release|Any CPU
		{7E8ED2F0-68FA-4E42-9720-8C5AE56B88A8}.Release|Any CPU.Build.0 = Release|Any CPU
	EndGlobalSection
	GlobalSection(SolutionProperties) = preSolution
		HideSolutionNode = FALSE
	EndGlobalSection
	GlobalSection(ExtensibilityGlobals) = postSolution
		SolutionGuid = {2FBBFAB4-4E48-4E28-8131-7BAA6893A887}
	EndGlobalSection
EndGlobal
