
Microsoft Visual Studio Solution File, Format Version 12.00
# Visual Studio Version 16
VisualStudioVersion = 16.0.31729.503
MinimumVisualStudioVersion = 10.0.40219.1
Project("{FAE04EC0-301F-11D3-BF4B-00C04F79EFBC}") = "Examen_FPU3_A1_1C_JoseAntonioMontemayorCornejo", "Examen_FPU3_A1_1C_JoseAntonioMontemayorCornejo.csproj", "{69232178-E15C-4226-81BE-1C6EAB1D547D}"
EndProject
Global
	GlobalSection(SolutionConfigurationPlatforms) = preSolution
		Debug|Any CPU = Debug|Any CPU
		Release|Any CPU = Release|Any CPU
	EndGlobalSection
	GlobalSection(ProjectConfigurationPlatforms) = postSolution
		{69232178-E15C-4226-81BE-1C6EAB1D547D}.Debug|Any CPU.ActiveCfg = Debug|Any CPU
		{69232178-E15C-4226-81BE-1C6EAB1D547D}.Debug|Any CPU.Build.0 = Debug|Any CPU
		{69232178-E15C-4226-81BE-1C6EAB1D547D}.Release|Any CPU.ActiveCfg = Release|Any CPU
		{69232178-E15C-4226-81BE-1C6EAB1D547D}.Release|Any CPU.Build.0 = Release|Any CPU
	EndGlobalSection
	GlobalSection(SolutionProperties) = preSolution
		HideSolutionNode = FALSE
	EndGlobalSection
	GlobalSection(ExtensibilityGlobals) = postSolution
		SolutionGuid = {F3F6EFE6-A5C2-424B-8299-E29D69F0752C}
	EndGlobalSection
EndGlobal
